// !$*UTF8*$!
{
	archiveVersion = 1;
	classes = {
	};
	objectVersion = 52;
	objects = {

/* Begin PBXBuildFile section */
		7106134E2884298E002E4AE8 /* AppDelegate.swift in Sources */ = {isa = PBXBuildFile; fileRef = 7106134D2884298E002E4AE8 /* AppDelegate.swift */; };
		7106135728842991002E4AE8 /* AppIcons.xcassets in Resources */ = {isa = PBXBuildFile; fileRef = 7106135628842991002E4AE8 /* AppIcons.xcassets */; };
		710D54172AC9B409009E5AEC /* UIViewController+Rx.swift in Sources */ = {isa = PBXBuildFile; fileRef = 710D54162AC9B409009E5AEC /* UIViewController+Rx.swift */; };
		71364EA22AB20A57000B7D7B /* DatePickerViewController.swift in Sources */ = {isa = PBXBuildFile; fileRef = 71364EA02AB20A57000B7D7B /* DatePickerViewController.swift */; };
		71364EA32AB20A57000B7D7B /* DatePickerViewController.xib in Resources */ = {isa = PBXBuildFile; fileRef = 71364EA12AB20A57000B7D7B /* DatePickerViewController.xib */; };
		7156D7B12ACC468C001E79A3 /* RxCocoa in Frameworks */ = {isa = PBXBuildFile; productRef = 7156D7B02ACC468C001E79A3 /* RxCocoa */; };
		7156D7B32ACC468C001E79A3 /* RxRelay in Frameworks */ = {isa = PBXBuildFile; productRef = 7156D7B22ACC468C001E79A3 /* RxRelay */; };
		7156D7B52ACC468C001E79A3 /* RxSwift in Frameworks */ = {isa = PBXBuildFile; productRef = 7156D7B42ACC468C001E79A3 /* RxSwift */; };
		7156D7B82ACC4727001E79A3 /* Action in Frameworks */ = {isa = PBXBuildFile; productRef = 7156D7B72ACC4727001E79A3 /* Action */; };
		7156D7BB2ACC4754001E79A3 /* RxGesture in Frameworks */ = {isa = PBXBuildFile; productRef = 7156D7BA2ACC4754001E79A3 /* RxGesture */; };
		71803DFD2AB0940000B87937 /* PickerViewController.swift in Sources */ = {isa = PBXBuildFile; fileRef = 71803DFB2AB0940000B87937 /* PickerViewController.swift */; };
		71803DFE2AB0940000B87937 /* PickerViewControllerWithIBOutlets.xib in Resources */ = {isa = PBXBuildFile; fileRef = 71803DFC2AB0940000B87937 /* PickerViewControllerWithIBOutlets.xib */; };
		718EAA9428D89A42001A0E0F /* Transaction.swift in Sources */ = {isa = PBXBuildFile; fileRef = 718EAA9228D891CC001A0E0F /* Transaction.swift */; };
		718EAA9828D8F673001A0E0F /* TransactionsViewController.swift in Sources */ = {isa = PBXBuildFile; fileRef = 718EAA9628D8F673001A0E0F /* TransactionsViewController.swift */; };
		718EAA9928D8F673001A0E0F /* TransactionsViewController.xib in Resources */ = {isa = PBXBuildFile; fileRef = 718EAA9728D8F673001A0E0F /* TransactionsViewController.xib */; };
		719764E428D0BB000071A66D /* Utility.swift in Sources */ = {isa = PBXBuildFile; fileRef = 719764E328D0BB000071A66D /* Utility.swift */; };
		719764E628D0C4F30071A66D /* TransactionStore.swift in Sources */ = {isa = PBXBuildFile; fileRef = 719764E528D0C4F30071A66D /* TransactionStore.swift */; };
		71ACDB3E2AAA00B00046CBDD /* Scene.swift in Sources */ = {isa = PBXBuildFile; fileRef = 71ACDB3D2AAA00B00046CBDD /* Scene.swift */; };
		71ACDB402AAA01740046CBDD /* TransactionsViewModel.swift in Sources */ = {isa = PBXBuildFile; fileRef = 71ACDB3F2AAA01740046CBDD /* TransactionsViewModel.swift */; };
		71ACDB422AAA01E00046CBDD /* EditTransactionViewModel.swift in Sources */ = {isa = PBXBuildFile; fileRef = 71ACDB412AAA01E00046CBDD /* EditTransactionViewModel.swift */; };
		71ACDB442AAA02B70046CBDD /* SceneCoordinatorType.swift in Sources */ = {isa = PBXBuildFile; fileRef = 71ACDB432AAA02B70046CBDD /* SceneCoordinatorType.swift */; };
		71ACDB482AAA02CE0046CBDD /* Scene+ViewController.swift in Sources */ = {isa = PBXBuildFile; fileRef = 71ACDB452AAA02CD0046CBDD /* Scene+ViewController.swift */; };
		71ACDB492AAA02CE0046CBDD /* SceneCoordinator.swift in Sources */ = {isa = PBXBuildFile; fileRef = 71ACDB462AAA02CE0046CBDD /* SceneCoordinator.swift */; };
		71ACDB4A2AAA02CE0046CBDD /* SceneTransitionType.swift in Sources */ = {isa = PBXBuildFile; fileRef = 71ACDB472AAA02CE0046CBDD /* SceneTransitionType.swift */; };
		71ACDB4C2AAA04BE0046CBDD /* BindableType.swift in Sources */ = {isa = PBXBuildFile; fileRef = 71ACDB4B2AAA04BE0046CBDD /* BindableType.swift */; };
		71C2B6F228B69A4D002E6340 /* Assets.xcassets in Resources */ = {isa = PBXBuildFile; fileRef = 71C2B6F128B69A4C002E6340 /* Assets.xcassets */; };
		71CE8F3728A1AA9700C80DDD /* TransactionTableViewCell.swift in Sources */ = {isa = PBXBuildFile; fileRef = 71CE8F3528A1AA9700C80DDD /* TransactionTableViewCell.swift */; };
		71CE8F3828A1AA9700C80DDD /* TransactionTableViewCell.xib in Resources */ = {isa = PBXBuildFile; fileRef = 71CE8F3628A1AA9700C80DDD /* TransactionTableViewCell.xib */; };
		71DD5D3E28BD11C700B5EF54 /* Localizable.strings in Resources */ = {isa = PBXBuildFile; fileRef = 71DD5D4028BD11C700B5EF54 /* Localizable.strings */; };
		71DD5D4528BD13CE00B5EF54 /* LaunchScreen.storyboard in Resources */ = {isa = PBXBuildFile; fileRef = 71DD5D4328BD13CD00B5EF54 /* LaunchScreen.storyboard */; };
		71DD5D4928BE557D00B5EF54 /* EditTransactionViewController.swift in Sources */ = {isa = PBXBuildFile; fileRef = 71DD5D4728BE557D00B5EF54 /* EditTransactionViewController.swift */; };
		71DD5D4A28BE557D00B5EF54 /* EditTransactionViewController.xib in Resources */ = {isa = PBXBuildFile; fileRef = 71DD5D4828BE557D00B5EF54 /* EditTransactionViewController.xib */; };
/* End PBXBuildFile section */

/* Begin PBXFileReference section */
		7106134A2884298E002E4AE8 /* Spending Tracker.app */ = {isa = PBXFileReference; explicitFileType = wrapper.application; includeInIndex = 0; path = "Spending Tracker.app"; sourceTree = BUILT_PRODUCTS_DIR; };
		7106134D2884298E002E4AE8 /* AppDelegate.swift */ = {isa = PBXFileReference; lastKnownFileType = sourcecode.swift; path = AppDelegate.swift; sourceTree = "<group>"; };
		7106135628842991002E4AE8 /* AppIcons.xcassets */ = {isa = PBXFileReference; lastKnownFileType = folder.assetcatalog; path = AppIcons.xcassets; sourceTree = "<group>"; };
		7106135B28842991002E4AE8 /* Info.plist */ = {isa = PBXFileReference; lastKnownFileType = text.plist.xml; path = Info.plist; sourceTree = "<group>"; };
		710D54162AC9B409009E5AEC /* UIViewController+Rx.swift */ = {isa = PBXFileReference; lastKnownFileType = sourcecode.swift; path = "UIViewController+Rx.swift"; sourceTree = "<group>"; };
		71364EA02AB20A57000B7D7B /* DatePickerViewController.swift */ = {isa = PBXFileReference; lastKnownFileType = sourcecode.swift; path = DatePickerViewController.swift; sourceTree = "<group>"; };
		71364EA12AB20A57000B7D7B /* DatePickerViewController.xib */ = {isa = PBXFileReference; lastKnownFileType = file.xib; path = DatePickerViewController.xib; sourceTree = "<group>"; };
		71803DFB2AB0940000B87937 /* PickerViewController.swift */ = {isa = PBXFileReference; lastKnownFileType = sourcecode.swift; path = PickerViewController.swift; sourceTree = "<group>"; };
		71803DFC2AB0940000B87937 /* PickerViewControllerWithIBOutlets.xib */ = {isa = PBXFileReference; lastKnownFileType = file.xib; path = PickerViewControllerWithIBOutlets.xib; sourceTree = "<group>"; };
		718EAA9228D891CC001A0E0F /* Transaction.swift */ = {isa = PBXFileReference; lastKnownFileType = sourcecode.swift; path = Transaction.swift; sourceTree = "<group>"; };
		718EAA9628D8F673001A0E0F /* TransactionsViewController.swift */ = {isa = PBXFileReference; lastKnownFileType = sourcecode.swift; path = TransactionsViewController.swift; sourceTree = "<group>"; };
		718EAA9728D8F673001A0E0F /* TransactionsViewController.xib */ = {isa = PBXFileReference; lastKnownFileType = file.xib; path = TransactionsViewController.xib; sourceTree = "<group>"; };
		719764E328D0BB000071A66D /* Utility.swift */ = {isa = PBXFileReference; lastKnownFileType = sourcecode.swift; path = Utility.swift; sourceTree = "<group>"; };
		719764E528D0C4F30071A66D /* TransactionStore.swift */ = {isa = PBXFileReference; lastKnownFileType = sourcecode.swift; path = TransactionStore.swift; sourceTree = "<group>"; };
		71ACDB3D2AAA00B00046CBDD /* Scene.swift */ = {isa = PBXFileReference; lastKnownFileType = sourcecode.swift; path = Scene.swift; sourceTree = "<group>"; };
		71ACDB3F2AAA01740046CBDD /* TransactionsViewModel.swift */ = {isa = PBXFileReference; lastKnownFileType = sourcecode.swift; path = TransactionsViewModel.swift; sourceTree = "<group>"; };
		71ACDB412AAA01E00046CBDD /* EditTransactionViewModel.swift */ = {isa = PBXFileReference; lastKnownFileType = sourcecode.swift; path = EditTransactionViewModel.swift; sourceTree = "<group>"; };
		71ACDB432AAA02B70046CBDD /* SceneCoordinatorType.swift */ = {isa = PBXFileReference; fileEncoding = 4; lastKnownFileType = sourcecode.swift; path = SceneCoordinatorType.swift; sourceTree = "<group>"; };
		71ACDB452AAA02CD0046CBDD /* Scene+ViewController.swift */ = {isa = PBXFileReference; fileEncoding = 4; lastKnownFileType = sourcecode.swift; path = "Scene+ViewController.swift"; sourceTree = "<group>"; };
		71ACDB462AAA02CE0046CBDD /* SceneCoordinator.swift */ = {isa = PBXFileReference; fileEncoding = 4; lastKnownFileType = sourcecode.swift; path = SceneCoordinator.swift; sourceTree = "<group>"; };
		71ACDB472AAA02CE0046CBDD /* SceneTransitionType.swift */ = {isa = PBXFileReference; fileEncoding = 4; lastKnownFileType = sourcecode.swift; path = SceneTransitionType.swift; sourceTree = "<group>"; };
		71ACDB4B2AAA04BE0046CBDD /* BindableType.swift */ = {isa = PBXFileReference; fileEncoding = 4; lastKnownFileType = sourcecode.swift; path = BindableType.swift; sourceTree = "<group>"; };
		71C2B6F128B69A4C002E6340 /* Assets.xcassets */ = {isa = PBXFileReference; lastKnownFileType = folder.assetcatalog; path = Assets.xcassets; sourceTree = "<group>"; };
		71CE8F3528A1AA9700C80DDD /* TransactionTableViewCell.swift */ = {isa = PBXFileReference; lastKnownFileType = sourcecode.swift; path = TransactionTableViewCell.swift; sourceTree = "<group>"; };
		71CE8F3628A1AA9700C80DDD /* TransactionTableViewCell.xib */ = {isa = PBXFileReference; lastKnownFileType = file.xib; path = TransactionTableViewCell.xib; sourceTree = "<group>"; };
		71DD5D3F28BD11C700B5EF54 /* en */ = {isa = PBXFileReference; lastKnownFileType = text.plist.strings; name = en; path = en.lproj/Localizable.strings; sourceTree = "<group>"; };
		71DD5D4128BD11CE00B5EF54 /* hu */ = {isa = PBXFileReference; lastKnownFileType = text.plist.strings; name = hu; path = hu.lproj/Localizable.strings; sourceTree = "<group>"; };
		71DD5D4328BD13CD00B5EF54 /* LaunchScreen.storyboard */ = {isa = PBXFileReference; fileEncoding = 4; lastKnownFileType = file.storyboard; path = LaunchScreen.storyboard; sourceTree = "<group>"; };
		71DD5D4728BE557D00B5EF54 /* EditTransactionViewController.swift */ = {isa = PBXFileReference; lastKnownFileType = sourcecode.swift; path = EditTransactionViewController.swift; sourceTree = "<group>"; };
		71DD5D4828BE557D00B5EF54 /* EditTransactionViewController.xib */ = {isa = PBXFileReference; lastKnownFileType = file.xib; path = EditTransactionViewController.xib; sourceTree = "<group>"; };
/* End PBXFileReference section */

/* Begin PBXFrameworksBuildPhase section */
		710613472884298E002E4AE8 /* Frameworks */ = {
			isa = PBXFrameworksBuildPhase;
			buildActionMask = 2147483647;
			files = (
				7156D7B82ACC4727001E79A3 /* Action in Frameworks */,
				7156D7B52ACC468C001E79A3 /* RxSwift in Frameworks */,
				7156D7BB2ACC4754001E79A3 /* RxGesture in Frameworks */,
				7156D7B32ACC468C001E79A3 /* RxRelay in Frameworks */,
				7156D7B12ACC468C001E79A3 /* RxCocoa in Frameworks */,
			);
			runOnlyForDeploymentPostprocessing = 0;
		};
/* End PBXFrameworksBuildPhase section */

/* Begin PBXGroup section */
		710613412884298E002E4AE8 = {
			isa = PBXGroup;
			children = (
				7106134C2884298E002E4AE8 /* spending_tracker */,
				7106134B2884298E002E4AE8 /* Products */,
			);
			sourceTree = "<group>";
		};
		7106134B2884298E002E4AE8 /* Products */ = {
			isa = PBXGroup;
			children = (
				7106134A2884298E002E4AE8 /* Spending Tracker.app */,
			);
			name = Products;
			sourceTree = "<group>";
		};
		7106134C2884298E002E4AE8 /* spending_tracker */ = {
			isa = PBXGroup;
			children = (
				7106134D2884298E002E4AE8 /* AppDelegate.swift */,
				71ACDB3C2AAA00900046CBDD /* Scenes */,
				71AC448528DCFA89008CBC5A /* Transactions */,
				71AC448628DCFAA4008CBC5A /* EditTransaction */,
				71AC448328DCF9F0008CBC5A /* Model */,
				71AC448828DCFAE7008CBC5A /* Utils */,
				71AC448428DCFA05008CBC5A /* Resources */,
				71DD5D4328BD13CD00B5EF54 /* LaunchScreen.storyboard */,
				7106135B28842991002E4AE8 /* Info.plist */,
			);
			path = spending_tracker;
			sourceTree = "<group>";
		};
		71AC448328DCF9F0008CBC5A /* Model */ = {
			isa = PBXGroup;
			children = (
				719764E528D0C4F30071A66D /* TransactionStore.swift */,
				718EAA9228D891CC001A0E0F /* Transaction.swift */,
			);
			path = Model;
			sourceTree = "<group>";
		};
		71AC448428DCFA05008CBC5A /* Resources */ = {
			isa = PBXGroup;
			children = (
				7106135628842991002E4AE8 /* AppIcons.xcassets */,
				71C2B6F128B69A4C002E6340 /* Assets.xcassets */,
				71DD5D4028BD11C700B5EF54 /* Localizable.strings */,
			);
			path = Resources;
			sourceTree = "<group>";
		};
		71AC448528DCFA89008CBC5A /* Transactions */ = {
			isa = PBXGroup;
			children = (
				71ACDB3F2AAA01740046CBDD /* TransactionsViewModel.swift */,
				718EAA9628D8F673001A0E0F /* TransactionsViewController.swift */,
				718EAA9728D8F673001A0E0F /* TransactionsViewController.xib */,
				71CE8F3528A1AA9700C80DDD /* TransactionTableViewCell.swift */,
				71CE8F3628A1AA9700C80DDD /* TransactionTableViewCell.xib */,
			);
			path = Transactions;
			sourceTree = "<group>";
		};
		71AC448628DCFAA4008CBC5A /* EditTransaction */ = {
			isa = PBXGroup;
			children = (
				71ACDB412AAA01E00046CBDD /* EditTransactionViewModel.swift */,
				71DD5D4728BE557D00B5EF54 /* EditTransactionViewController.swift */,
				71DD5D4828BE557D00B5EF54 /* EditTransactionViewController.xib */,
			);
			path = EditTransaction;
			sourceTree = "<group>";
		};
		71AC448828DCFAE7008CBC5A /* Utils */ = {
			isa = PBXGroup;
			children = (
				710D54162AC9B409009E5AEC /* UIViewController+Rx.swift */,
				719764E328D0BB000071A66D /* Utility.swift */,
				71803DFB2AB0940000B87937 /* PickerViewController.swift */,
				71803DFC2AB0940000B87937 /* PickerViewControllerWithIBOutlets.xib */,
				71364EA02AB20A57000B7D7B /* DatePickerViewController.swift */,
				71364EA12AB20A57000B7D7B /* DatePickerViewController.xib */,
			);
			path = Utils;
			sourceTree = "<group>";
		};
		71ACDB3C2AAA00900046CBDD /* Scenes */ = {
			isa = PBXGroup;
			children = (
				71ACDB3D2AAA00B00046CBDD /* Scene.swift */,
				71ACDB432AAA02B70046CBDD /* SceneCoordinatorType.swift */,
				71ACDB462AAA02CE0046CBDD /* SceneCoordinator.swift */,
				71ACDB452AAA02CD0046CBDD /* Scene+ViewController.swift */,
				71ACDB472AAA02CE0046CBDD /* SceneTransitionType.swift */,
				71ACDB4B2AAA04BE0046CBDD /* BindableType.swift */,
			);
			path = Scenes;
			sourceTree = "<group>";
		};
/* End PBXGroup section */

/* Begin PBXNativeTarget section */
		710613492884298E002E4AE8 /* spending_tracker */ = {
			isa = PBXNativeTarget;
			buildConfigurationList = 7106135E28842991002E4AE8 /* Build configuration list for PBXNativeTarget "spending_tracker" */;
			buildPhases = (
				710613462884298E002E4AE8 /* Sources */,
				710613472884298E002E4AE8 /* Frameworks */,
				710613482884298E002E4AE8 /* Resources */,
			);
			buildRules = (
			);
			dependencies = (
				714701F92A9A9318007C0D4F /* PBXTargetDependency */,
			);
			name = spending_tracker;
			packageProductDependencies = (
				7156D7B02ACC468C001E79A3 /* RxCocoa */,
				7156D7B22ACC468C001E79A3 /* RxRelay */,
				7156D7B42ACC468C001E79A3 /* RxSwift */,
				7156D7B72ACC4727001E79A3 /* Action */,
				7156D7BA2ACC4754001E79A3 /* RxGesture */,
			);
			productName = swift_study;
			productReference = 7106134A2884298E002E4AE8 /* Spending Tracker.app */;
			productType = "com.apple.product-type.application";
		};
/* End PBXNativeTarget section */

/* Begin PBXProject section */
		710613422884298E002E4AE8 /* Project object */ = {
			isa = PBXProject;
			attributes = {
				LastSwiftUpdateCheck = 1130;
				LastUpgradeCheck = 1420;
				ORGANIZATIONNAME = "Ádám Fischer";
				TargetAttributes = {
					710613492884298E002E4AE8 = {
						CreatedOnToolsVersion = 11.3.1;
					};
				};
			};
			buildConfigurationList = 710613452884298E002E4AE8 /* Build configuration list for PBXProject "spending_tracker" */;
			compatibilityVersion = "Xcode 9.3";
			developmentRegion = en;
			hasScannedForEncodings = 0;
			knownRegions = (
				en,
				Base,
				hu,
			);
			mainGroup = 710613412884298E002E4AE8;
			packageReferences = (
				7156D7AF2ACC468C001E79A3 /* XCRemoteSwiftPackageReference "RxSwift" */,
				7156D7B62ACC4727001E79A3 /* XCRemoteSwiftPackageReference "Action" */,
				7156D7B92ACC4754001E79A3 /* XCRemoteSwiftPackageReference "RxGesture" */,
			);
			productRefGroup = 7106134B2884298E002E4AE8 /* Products */;
			projectDirPath = "";
			projectRoot = "";
			targets = (
				710613492884298E002E4AE8 /* spending_tracker */,
			);
		};
/* End PBXProject section */

/* Begin PBXResourcesBuildPhase section */
		710613482884298E002E4AE8 /* Resources */ = {
			isa = PBXResourcesBuildPhase;
			buildActionMask = 2147483647;
			files = (
				71DD5D4A28BE557D00B5EF54 /* EditTransactionViewController.xib in Resources */,
				71C2B6F228B69A4D002E6340 /* Assets.xcassets in Resources */,
				71803DFE2AB0940000B87937 /* PickerViewControllerWithIBOutlets.xib in Resources */,
				7106135728842991002E4AE8 /* AppIcons.xcassets in Resources */,
				71DD5D3E28BD11C700B5EF54 /* Localizable.strings in Resources */,
				71364EA32AB20A57000B7D7B /* DatePickerViewController.xib in Resources */,
				71DD5D4528BD13CE00B5EF54 /* LaunchScreen.storyboard in Resources */,
				71CE8F3828A1AA9700C80DDD /* TransactionTableViewCell.xib in Resources */,
				718EAA9928D8F673001A0E0F /* TransactionsViewController.xib in Resources */,
			);
			runOnlyForDeploymentPostprocessing = 0;
		};
/* End PBXResourcesBuildPhase section */

/* Begin PBXSourcesBuildPhase section */
		710613462884298E002E4AE8 /* Sources */ = {
			isa = PBXSourcesBuildPhase;
			buildActionMask = 2147483647;
			files = (
				71CE8F3728A1AA9700C80DDD /* TransactionTableViewCell.swift in Sources */,
				71364EA22AB20A57000B7D7B /* DatePickerViewController.swift in Sources */,
				71ACDB482AAA02CE0046CBDD /* Scene+ViewController.swift in Sources */,
				71ACDB3E2AAA00B00046CBDD /* Scene.swift in Sources */,
				710D54172AC9B409009E5AEC /* UIViewController+Rx.swift in Sources */,
				7106134E2884298E002E4AE8 /* AppDelegate.swift in Sources */,
				71ACDB492AAA02CE0046CBDD /* SceneCoordinator.swift in Sources */,
				718EAA9828D8F673001A0E0F /* TransactionsViewController.swift in Sources */,
				71803DFD2AB0940000B87937 /* PickerViewController.swift in Sources */,
				71ACDB402AAA01740046CBDD /* TransactionsViewModel.swift in Sources */,
				719764E628D0C4F30071A66D /* TransactionStore.swift in Sources */,
				71ACDB422AAA01E00046CBDD /* EditTransactionViewModel.swift in Sources */,
				71DD5D4928BE557D00B5EF54 /* EditTransactionViewController.swift in Sources */,
				719764E428D0BB000071A66D /* Utility.swift in Sources */,
				71ACDB4C2AAA04BE0046CBDD /* BindableType.swift in Sources */,
				71ACDB442AAA02B70046CBDD /* SceneCoordinatorType.swift in Sources */,
				718EAA9428D89A42001A0E0F /* Transaction.swift in Sources */,
				71ACDB4A2AAA02CE0046CBDD /* SceneTransitionType.swift in Sources */,
			);
			runOnlyForDeploymentPostprocessing = 0;
		};
/* End PBXSourcesBuildPhase section */

/* Begin PBXTargetDependency section */
		714701F92A9A9318007C0D4F /* PBXTargetDependency */ = {
			isa = PBXTargetDependency;
			productRef = 714701F82A9A9318007C0D4F /* DGCharts */;
		};
/* End PBXTargetDependency section */

/* Begin PBXVariantGroup section */
		71DD5D4028BD11C700B5EF54 /* Localizable.strings */ = {
			isa = PBXVariantGroup;
			children = (
				71DD5D3F28BD11C700B5EF54 /* en */,
				71DD5D4128BD11CE00B5EF54 /* hu */,
			);
			name = Localizable.strings;
			sourceTree = "<group>";
		};
/* End PBXVariantGroup section */

/* Begin XCBuildConfiguration section */
		7106135C28842991002E4AE8 /* Debug */ = {
			isa = XCBuildConfiguration;
			buildSettings = {
				ALWAYS_SEARCH_USER_PATHS = NO;
				CLANG_ANALYZER_LOCALIZABILITY_NONLOCALIZED = YES;
				CLANG_ANALYZER_NONNULL = YES;
				CLANG_ANALYZER_NUMBER_OBJECT_CONVERSION = YES_AGGRESSIVE;
				CLANG_CXX_LANGUAGE_STANDARD = "gnu++14";
				CLANG_CXX_LIBRARY = "libc++";
				CLANG_ENABLE_MODULES = YES;
				CLANG_ENABLE_OBJC_ARC = YES;
				CLANG_ENABLE_OBJC_WEAK = YES;
				CLANG_WARN_BLOCK_CAPTURE_AUTORELEASING = YES;
				CLANG_WARN_BOOL_CONVERSION = YES;
				CLANG_WARN_COMMA = YES;
				CLANG_WARN_CONSTANT_CONVERSION = YES;
				CLANG_WARN_DEPRECATED_OBJC_IMPLEMENTATIONS = YES;
				CLANG_WARN_DIRECT_OBJC_ISA_USAGE = YES_ERROR;
				CLANG_WARN_DOCUMENTATION_COMMENTS = YES;
				CLANG_WARN_EMPTY_BODY = YES;
				CLANG_WARN_ENUM_CONVERSION = YES;
				CLANG_WARN_INFINITE_RECURSION = YES;
				CLANG_WARN_INT_CONVERSION = YES;
				CLANG_WARN_NON_LITERAL_NULL_CONVERSION = YES;
				CLANG_WARN_OBJC_IMPLICIT_RETAIN_SELF = YES;
				CLANG_WARN_OBJC_LITERAL_CONVERSION = YES;
				CLANG_WARN_OBJC_ROOT_CLASS = YES_ERROR;
				CLANG_WARN_QUOTED_INCLUDE_IN_FRAMEWORK_HEADER = YES;
				CLANG_WARN_RANGE_LOOP_ANALYSIS = YES;
				CLANG_WARN_STRICT_PROTOTYPES = YES;
				CLANG_WARN_SUSPICIOUS_MOVE = YES;
				CLANG_WARN_UNGUARDED_AVAILABILITY = YES_AGGRESSIVE;
				CLANG_WARN_UNREACHABLE_CODE = YES;
				CLANG_WARN__DUPLICATE_METHOD_MATCH = YES;
				COPY_PHASE_STRIP = NO;
				DEBUG_INFORMATION_FORMAT = dwarf;
				ENABLE_STRICT_OBJC_MSGSEND = YES;
				ENABLE_TESTABILITY = YES;
				GCC_C_LANGUAGE_STANDARD = gnu11;
				GCC_DYNAMIC_NO_PIC = NO;
				GCC_NO_COMMON_BLOCKS = YES;
				GCC_OPTIMIZATION_LEVEL = 0;
				GCC_PREPROCESSOR_DEFINITIONS = (
					"DEBUG=1",
					"$(inherited)",
				);
				GCC_WARN_64_TO_32_BIT_CONVERSION = YES;
				GCC_WARN_ABOUT_RETURN_TYPE = YES_ERROR;
				GCC_WARN_UNDECLARED_SELECTOR = YES;
				GCC_WARN_UNINITIALIZED_AUTOS = YES_AGGRESSIVE;
				GCC_WARN_UNUSED_FUNCTION = YES;
				GCC_WARN_UNUSED_VARIABLE = YES;
				IPHONEOS_DEPLOYMENT_TARGET = 13.2;
				MTL_ENABLE_DEBUG_INFO = INCLUDE_SOURCE;
				MTL_FAST_MATH = YES;
				ONLY_ACTIVE_ARCH = YES;
				SDKROOT = iphoneos;
				SWIFT_ACTIVE_COMPILATION_CONDITIONS = DEBUG;
				SWIFT_OPTIMIZATION_LEVEL = "-Onone";
			};
			name = Debug;
		};
		7106135D28842991002E4AE8 /* Release */ = {
			isa = XCBuildConfiguration;
			buildSettings = {
				ALWAYS_SEARCH_USER_PATHS = NO;
				CLANG_ANALYZER_LOCALIZABILITY_NONLOCALIZED = YES;
				CLANG_ANALYZER_NONNULL = YES;
				CLANG_ANALYZER_NUMBER_OBJECT_CONVERSION = YES_AGGRESSIVE;
				CLANG_CXX_LANGUAGE_STANDARD = "gnu++14";
				CLANG_CXX_LIBRARY = "libc++";
				CLANG_ENABLE_MODULES = YES;
				CLANG_ENABLE_OBJC_ARC = YES;
				CLANG_ENABLE_OBJC_WEAK = YES;
				CLANG_WARN_BLOCK_CAPTURE_AUTORELEASING = YES;
				CLANG_WARN_BOOL_CONVERSION = YES;
				CLANG_WARN_COMMA = YES;
				CLANG_WARN_CONSTANT_CONVERSION = YES;
				CLANG_WARN_DEPRECATED_OBJC_IMPLEMENTATIONS = YES;
				CLANG_WARN_DIRECT_OBJC_ISA_USAGE = YES_ERROR;
				CLANG_WARN_DOCUMENTATION_COMMENTS = YES;
				CLANG_WARN_EMPTY_BODY = YES;
				CLANG_WARN_ENUM_CONVERSION = YES;
				CLANG_WARN_INFINITE_RECURSION = YES;
				CLANG_WARN_INT_CONVERSION = YES;
				CLANG_WARN_NON_LITERAL_NULL_CONVERSION = YES;
				CLANG_WARN_OBJC_IMPLICIT_RETAIN_SELF = YES;
				CLANG_WARN_OBJC_LITERAL_CONVERSION = YES;
				CLANG_WARN_OBJC_ROOT_CLASS = YES_ERROR;
				CLANG_WARN_QUOTED_INCLUDE_IN_FRAMEWORK_HEADER = YES;
				CLANG_WARN_RANGE_LOOP_ANALYSIS = YES;
				CLANG_WARN_STRICT_PROTOTYPES = YES;
				CLANG_WARN_SUSPICIOUS_MOVE = YES;
				CLANG_WARN_UNGUARDED_AVAILABILITY = YES_AGGRESSIVE;
				CLANG_WARN_UNREACHABLE_CODE = YES;
				CLANG_WARN__DUPLICATE_METHOD_MATCH = YES;
				COPY_PHASE_STRIP = NO;
				DEBUG_INFORMATION_FORMAT = "dwarf-with-dsym";
				ENABLE_NS_ASSERTIONS = NO;
				ENABLE_STRICT_OBJC_MSGSEND = YES;
				GCC_C_LANGUAGE_STANDARD = gnu11;
				GCC_NO_COMMON_BLOCKS = YES;
				GCC_WARN_64_TO_32_BIT_CONVERSION = YES;
				GCC_WARN_ABOUT_RETURN_TYPE = YES_ERROR;
				GCC_WARN_UNDECLARED_SELECTOR = YES;
				GCC_WARN_UNINITIALIZED_AUTOS = YES_AGGRESSIVE;
				GCC_WARN_UNUSED_FUNCTION = YES;
				GCC_WARN_UNUSED_VARIABLE = YES;
				IPHONEOS_DEPLOYMENT_TARGET = 13.2;
				MTL_ENABLE_DEBUG_INFO = NO;
				MTL_FAST_MATH = YES;
				SDKROOT = iphoneos;
				SWIFT_COMPILATION_MODE = wholemodule;
				SWIFT_OPTIMIZATION_LEVEL = "-O";
				VALIDATE_PRODUCT = YES;
			};
			name = Release;
		};
		7106135F28842991002E4AE8 /* Debug */ = {
			isa = XCBuildConfiguration;
			buildSettings = {
				ASSETCATALOG_COMPILER_APPICON_NAME = AppIcon;
				CODE_SIGN_IDENTITY = "Apple Development";
				CODE_SIGN_STYLE = Automatic;
				DEVELOPMENT_TEAM = C63PKNBKSB;
				INFOPLIST_FILE = spending_tracker/Info.plist;
				IPHONEOS_DEPLOYMENT_TARGET = 15.0;
				LD_RUNPATH_SEARCH_PATHS = (
					"$(inherited)",
					"@executable_path/Frameworks",
				);
				PRODUCT_BUNDLE_IDENTIFIER = "com.adamfischer.spending-tracker";
				PRODUCT_NAME = "Spending Tracker";
				PROVISIONING_PROFILE_SPECIFIER = "";
				SWIFT_VERSION = 5.0;
				TARGETED_DEVICE_FAMILY = 1;
			};
			name = Debug;
		};
		7106136028842991002E4AE8 /* Release */ = {
			isa = XCBuildConfiguration;
			buildSettings = {
				ASSETCATALOG_COMPILER_APPICON_NAME = AppIcon;
				CODE_SIGN_IDENTITY = "Apple Development";
				CODE_SIGN_STYLE = Automatic;
				DEVELOPMENT_TEAM = C63PKNBKSB;
				INFOPLIST_FILE = spending_tracker/Info.plist;
				IPHONEOS_DEPLOYMENT_TARGET = 15.0;
				LD_RUNPATH_SEARCH_PATHS = (
					"$(inherited)",
					"@executable_path/Frameworks",
				);
				PRODUCT_BUNDLE_IDENTIFIER = "com.adamfischer.spending-tracker";
				PRODUCT_NAME = "Spending Tracker";
				PROVISIONING_PROFILE_SPECIFIER = "";
				SWIFT_VERSION = 5.0;
				TARGETED_DEVICE_FAMILY = 1;
			};
			name = Release;
		};
/* End XCBuildConfiguration section */

/* Begin XCConfigurationList section */
		710613452884298E002E4AE8 /* Build configuration list for PBXProject "spending_tracker" */ = {
			isa = XCConfigurationList;
			buildConfigurations = (
				7106135C28842991002E4AE8 /* Debug */,
				7106135D28842991002E4AE8 /* Release */,
			);
			defaultConfigurationIsVisible = 0;
			defaultConfigurationName = Release;
		};
		7106135E28842991002E4AE8 /* Build configuration list for PBXNativeTarget "spending_tracker" */ = {
			isa = XCConfigurationList;
			buildConfigurations = (
				7106135F28842991002E4AE8 /* Debug */,
				7106136028842991002E4AE8 /* Release */,
			);
			defaultConfigurationIsVisible = 0;
			defaultConfigurationName = Release;
		};
/* End XCConfigurationList section */

/* Begin XCRemoteSwiftPackageReference section */
		7156D7AF2ACC468C001E79A3 /* XCRemoteSwiftPackageReference "RxSwift" */ = {
			isa = XCRemoteSwiftPackageReference;
			repositoryURL = "https://github.com/ReactiveX/RxSwift.git";
			requirement = {
				kind = upToNextMajorVersion;
				minimumVersion = 6.0.0;
			};
		};
		7156D7B62ACC4727001E79A3 /* XCRemoteSwiftPackageReference "Action" */ = {
			isa = XCRemoteSwiftPackageReference;
			repositoryURL = "https://github.com/RxSwiftCommunity/Action";
			requirement = {
				kind = upToNextMajorVersion;
				minimumVersion = 5.0.0;
			};
		};
		7156D7B92ACC4754001E79A3 /* XCRemoteSwiftPackageReference "RxGesture" */ = {
			isa = XCRemoteSwiftPackageReference;
			repositoryURL = "https://github.com/RxSwiftCommunity/RxGesture";
			requirement = {
				kind = upToNextMajorVersion;
				minimumVersion = 4.0.0;
			};
		};
		71BA366B28C10AF5005BEE84 /* XCRemoteSwiftPackageReference "Charts" */ = {
			isa = XCRemoteSwiftPackageReference;
			repositoryURL = "https://github.com/danielgindi/Charts.git";
			requirement = {
				branch = master;
				kind = branch;
			};
		};
/* End XCRemoteSwiftPackageReference section */

/* Begin XCSwiftPackageProductDependency section */
		714701F82A9A9318007C0D4F /* DGCharts */ = {
			isa = XCSwiftPackageProductDependency;
			package = 71BA366B28C10AF5005BEE84 /* XCRemoteSwiftPackageReference "Charts" */;
			productName = DGCharts;
		};
		7156D7B02ACC468C001E79A3 /* RxCocoa */ = {
			isa = XCSwiftPackageProductDependency;
			package = 7156D7AF2ACC468C001E79A3 /* XCRemoteSwiftPackageReference "RxSwift" */;
			productName = RxCocoa;
		};
		7156D7B22ACC468C001E79A3 /* RxRelay */ = {
			isa = XCSwiftPackageProductDependency;
			package = 7156D7AF2ACC468C001E79A3 /* XCRemoteSwiftPackageReference "RxSwift" */;
			productName = RxRelay;
		};
		7156D7B42ACC468C001E79A3 /* RxSwift */ = {
			isa = XCSwiftPackageProductDependency;
			package = 7156D7AF2ACC468C001E79A3 /* XCRemoteSwiftPackageReference "RxSwift" */;
			productName = RxSwift;
		};
		7156D7B72ACC4727001E79A3 /* Action */ = {
			isa = XCSwiftPackageProductDependency;
			package = 7156D7B62ACC4727001E79A3 /* XCRemoteSwiftPackageReference "Action" */;
			productName = Action;
		};
		7156D7BA2ACC4754001E79A3 /* RxGesture */ = {
			isa = XCSwiftPackageProductDependency;
			package = 7156D7B92ACC4754001E79A3 /* XCRemoteSwiftPackageReference "RxGesture" */;
			productName = RxGesture;
		};
/* End XCSwiftPackageProductDependency section */
	};
	rootObject = 710613422884298E002E4AE8 /* Project object */;
}
